// !$*UTF8*$!
{
	archiveVersion = 1;
	classes = {
	};
	objectVersion = 50;
	objects = {

/* Begin PBXBuildFile section */
		FC3FE5BB21F7C0D6009CA663 /* Swidux.framework in Frameworks */ = {isa = PBXBuildFile; fileRef = FC3FE5B121F7C0D6009CA663 /* Swidux.framework */; };
		FC3FE5C021F7C0D6009CA663 /* SwiduxTests.swift in Sources */ = {isa = PBXBuildFile; fileRef = FC3FE5BF21F7C0D6009CA663 /* SwiduxTests.swift */; };
		FC3FE5C221F7C0D6009CA663 /* Swidux.h in Headers */ = {isa = PBXBuildFile; fileRef = FC3FE5B421F7C0D6009CA663 /* Swidux.h */; settings = {ATTRIBUTES = (Public, ); }; };
		FC3FE5E221F7C166009CA663 /* Store.swift in Sources */ = {isa = PBXBuildFile; fileRef = FC3FE5DA21F7C166009CA663 /* Store.swift */; };
		FC3FE5E321F7C166009CA663 /* Reducer.swift in Sources */ = {isa = PBXBuildFile; fileRef = FC3FE5DB21F7C166009CA663 /* Reducer.swift */; };
		FC3FE5E421F7C166009CA663 /* Middleware.swift in Sources */ = {isa = PBXBuildFile; fileRef = FC3FE5DC21F7C166009CA663 /* Middleware.swift */; };
		FC3FE5E521F7C166009CA663 /* StoreSubscription.swift in Sources */ = {isa = PBXBuildFile; fileRef = FC3FE5DE21F7C166009CA663 /* StoreSubscription.swift */; };
		FC3FE5E621F7C166009CA663 /* StoreSubscriptionToken.swift in Sources */ = {isa = PBXBuildFile; fileRef = FC3FE5DF21F7C166009CA663 /* StoreSubscriptionToken.swift */; };
		FC3FE5E721F7C166009CA663 /* StateUpdate.swift in Sources */ = {isa = PBXBuildFile; fileRef = FC3FE5E021F7C166009CA663 /* StateUpdate.swift */; };
		FC3FE5E821F7C166009CA663 /* Action.swift in Sources */ = {isa = PBXBuildFile; fileRef = FC3FE5E121F7C166009CA663 /* Action.swift */; };
/* End PBXBuildFile section */

/* Begin PBXContainerItemProxy section */
		FC3FE5BC21F7C0D6009CA663 /* PBXContainerItemProxy */ = {
			isa = PBXContainerItemProxy;
			containerPortal = FC3FE5A821F7C0D6009CA663 /* Project object */;
			proxyType = 1;
			remoteGlobalIDString = FC3FE5B021F7C0D6009CA663;
			remoteInfo = Swidux;
		};
/* End PBXContainerItemProxy section */

/* Begin PBXFileReference section */
		FC3FE5B121F7C0D6009CA663 /* Swidux.framework */ = {isa = PBXFileReference; explicitFileType = wrapper.framework; includeInIndex = 0; path = Swidux.framework; sourceTree = BUILT_PRODUCTS_DIR; };
		FC3FE5B421F7C0D6009CA663 /* Swidux.h */ = {isa = PBXFileReference; lastKnownFileType = sourcecode.c.h; path = Swidux.h; sourceTree = "<group>"; };
		FC3FE5B521F7C0D6009CA663 /* Info.plist */ = {isa = PBXFileReference; lastKnownFileType = text.plist.xml; path = Info.plist; sourceTree = "<group>"; };
		FC3FE5BA21F7C0D6009CA663 /* SwiduxTests.xctest */ = {isa = PBXFileReference; explicitFileType = wrapper.cfbundle; includeInIndex = 0; path = SwiduxTests.xctest; sourceTree = BUILT_PRODUCTS_DIR; };
		FC3FE5BF21F7C0D6009CA663 /* SwiduxTests.swift */ = {isa = PBXFileReference; lastKnownFileType = sourcecode.swift; path = SwiduxTests.swift; sourceTree = "<group>"; };
		FC3FE5C121F7C0D6009CA663 /* Info.plist */ = {isa = PBXFileReference; lastKnownFileType = text.plist.xml; path = Info.plist; sourceTree = "<group>"; };
		FC3FE5DA21F7C166009CA663 /* Store.swift */ = {isa = PBXFileReference; fileEncoding = 4; lastKnownFileType = sourcecode.swift; path = Store.swift; sourceTree = "<group>"; };
		FC3FE5DB21F7C166009CA663 /* Reducer.swift */ = {isa = PBXFileReference; fileEncoding = 4; lastKnownFileType = sourcecode.swift; path = Reducer.swift; sourceTree = "<group>"; };
		FC3FE5DC21F7C166009CA663 /* Middleware.swift */ = {isa = PBXFileReference; fileEncoding = 4; lastKnownFileType = sourcecode.swift; path = Middleware.swift; sourceTree = "<group>"; };
		FC3FE5DE21F7C166009CA663 /* StoreSubscription.swift */ = {isa = PBXFileReference; fileEncoding = 4; lastKnownFileType = sourcecode.swift; path = StoreSubscription.swift; sourceTree = "<group>"; };
		FC3FE5DF21F7C166009CA663 /* StoreSubscriptionToken.swift */ = {isa = PBXFileReference; fileEncoding = 4; lastKnownFileType = sourcecode.swift; path = StoreSubscriptionToken.swift; sourceTree = "<group>"; };
		FC3FE5E021F7C166009CA663 /* StateUpdate.swift */ = {isa = PBXFileReference; fileEncoding = 4; lastKnownFileType = sourcecode.swift; path = StateUpdate.swift; sourceTree = "<group>"; };
		FC3FE5E121F7C166009CA663 /* Action.swift */ = {isa = PBXFileReference; fileEncoding = 4; lastKnownFileType = sourcecode.swift; path = Action.swift; sourceTree = "<group>"; };
/* End PBXFileReference section */

/* Begin PBXFrameworksBuildPhase section */
		FC3FE5AE21F7C0D6009CA663 /* Frameworks */ = {
			isa = PBXFrameworksBuildPhase;
			buildActionMask = 2147483647;
			files = (
			);
			runOnlyForDeploymentPostprocessing = 0;
		};
		FC3FE5B721F7C0D6009CA663 /* Frameworks */ = {
			isa = PBXFrameworksBuildPhase;
			buildActionMask = 2147483647;
			files = (
				FC3FE5BB21F7C0D6009CA663 /* Swidux.framework in Frameworks */,
			);
			runOnlyForDeploymentPostprocessing = 0;
		};
/* End PBXFrameworksBuildPhase section */

/* Begin PBXGroup section */
		FC3FE5A721F7C0D6009CA663 = {
			isa = PBXGroup;
			children = (
				FC3FE5B321F7C0D6009CA663 /* Sources */,
				FC3FE5BE21F7C0D6009CA663 /* Tests */,
				FC3FE5B221F7C0D6009CA663 /* Products */,
			);
			sourceTree = "<group>";
		};
		FC3FE5B221F7C0D6009CA663 /* Products */ = {
			isa = PBXGroup;
			children = (
				FC3FE5B121F7C0D6009CA663 /* Swidux.framework */,
				FC3FE5BA21F7C0D6009CA663 /* SwiduxTests.xctest */,
			);
			name = Products;
			sourceTree = "<group>";
		};
		FC3FE5B321F7C0D6009CA663 /* Sources */ = {
			isa = PBXGroup;
			children = (
				FC3FE5B521F7C0D6009CA663 /* Info.plist */,
				FC3FE5B421F7C0D6009CA663 /* Swidux.h */,
				FC3FE5E121F7C166009CA663 /* Action.swift */,
				FC3FE5DC21F7C166009CA663 /* Middleware.swift */,
				FC3FE5DB21F7C166009CA663 /* Reducer.swift */,
				FC3FE5DA21F7C166009CA663 /* Store.swift */,
				FC3FE5DD21F7C166009CA663 /* StoreSubscription */,
			);
			path = Sources;
			sourceTree = "<group>";
		};
		FC3FE5BE21F7C0D6009CA663 /* Tests */ = {
			isa = PBXGroup;
			children = (
				FC3FE5C121F7C0D6009CA663 /* Info.plist */,
				FC3FE5BF21F7C0D6009CA663 /* SwiduxTests.swift */,
			);
			path = Tests;
			sourceTree = "<group>";
		};
		FC3FE5DD21F7C166009CA663 /* StoreSubscription */ = {
			isa = PBXGroup;
			children = (
				FC3FE5DE21F7C166009CA663 /* StoreSubscription.swift */,
				FC3FE5DF21F7C166009CA663 /* StoreSubscriptionToken.swift */,
				FC3FE5E021F7C166009CA663 /* StateUpdate.swift */,
			);
			path = StoreSubscription;
			sourceTree = "<group>";
		};
/* End PBXGroup section */

/* Begin PBXHeadersBuildPhase section */
		FC3FE5AC21F7C0D6009CA663 /* Headers */ = {
			isa = PBXHeadersBuildPhase;
			buildActionMask = 2147483647;
			files = (
				FC3FE5C221F7C0D6009CA663 /* Swidux.h in Headers */,
			);
			runOnlyForDeploymentPostprocessing = 0;
		};
/* End PBXHeadersBuildPhase section */

/* Begin PBXNativeTarget section */
		FC3FE5B021F7C0D6009CA663 /* Swidux */ = {
			isa = PBXNativeTarget;
			buildConfigurationList = FC3FE5C521F7C0D6009CA663 /* Build configuration list for PBXNativeTarget "Swidux" */;
			buildPhases = (
				FC3FE5AC21F7C0D6009CA663 /* Headers */,
				FC3FE5AD21F7C0D6009CA663 /* Sources */,
				FC3FE5AE21F7C0D6009CA663 /* Frameworks */,
				FC3FE5AF21F7C0D6009CA663 /* Resources */,
			);
			buildRules = (
			);
			dependencies = (
			);
			name = Swidux;
			productName = Swidux;
			productReference = FC3FE5B121F7C0D6009CA663 /* Swidux.framework */;
			productType = "com.apple.product-type.framework";
		};
		FC3FE5B921F7C0D6009CA663 /* SwiduxTests */ = {
			isa = PBXNativeTarget;
			buildConfigurationList = FC3FE5C821F7C0D6009CA663 /* Build configuration list for PBXNativeTarget "SwiduxTests" */;
			buildPhases = (
				FC3FE5B621F7C0D6009CA663 /* Sources */,
				FC3FE5B721F7C0D6009CA663 /* Frameworks */,
				FC3FE5B821F7C0D6009CA663 /* Resources */,
			);
			buildRules = (
			);
			dependencies = (
				FC3FE5BD21F7C0D6009CA663 /* PBXTargetDependency */,
			);
			name = SwiduxTests;
			productName = SwiduxTests;
			productReference = FC3FE5BA21F7C0D6009CA663 /* SwiduxTests.xctest */;
			productType = "com.apple.product-type.bundle.unit-test";
		};
/* End PBXNativeTarget section */

/* Begin PBXProject section */
		FC3FE5A821F7C0D6009CA663 /* Project object */ = {
			isa = PBXProject;
			attributes = {
				LastSwiftUpdateCheck = 1010;
				LastUpgradeCheck = 1010;
				ORGANIZATIONNAME = clmntcrl;
				TargetAttributes = {
					FC3FE5B021F7C0D6009CA663 = {
						CreatedOnToolsVersion = 10.1;
						LastSwiftMigration = 1010;
					};
					FC3FE5B921F7C0D6009CA663 = {
						CreatedOnToolsVersion = 10.1;
					};
				};
			};
			buildConfigurationList = FC3FE5AB21F7C0D6009CA663 /* Build configuration list for PBXProject "Swidux" */;
			compatibilityVersion = "Xcode 9.3";
			developmentRegion = en;
			hasScannedForEncodings = 0;
			knownRegions = (
				en,
			);
			mainGroup = FC3FE5A721F7C0D6009CA663;
			productRefGroup = FC3FE5B221F7C0D6009CA663 /* Products */;
			projectDirPath = "";
			projectRoot = "";
			targets = (
				FC3FE5B021F7C0D6009CA663 /* Swidux */,
				FC3FE5B921F7C0D6009CA663 /* SwiduxTests */,
			);
		};
/* End PBXProject section */

/* Begin PBXResourcesBuildPhase section */
		FC3FE5AF21F7C0D6009CA663 /* Resources */ = {
			isa = PBXResourcesBuildPhase;
			buildActionMask = 2147483647;
			files = (
			);
			runOnlyForDeploymentPostprocessing = 0;
		};
		FC3FE5B821F7C0D6009CA663 /* Resources */ = {
			isa = PBXResourcesBuildPhase;
			buildActionMask = 2147483647;
			files = (
			);
			runOnlyForDeploymentPostprocessing = 0;
		};
/* End PBXResourcesBuildPhase section */

/* Begin PBXSourcesBuildPhase section */
		FC3FE5AD21F7C0D6009CA663 /* Sources */ = {
			isa = PBXSourcesBuildPhase;
			buildActionMask = 2147483647;
			files = (
				FC3FE5E521F7C166009CA663 /* StoreSubscription.swift in Sources */,
				FC3FE5E421F7C166009CA663 /* Middleware.swift in Sources */,
				FC3FE5E721F7C166009CA663 /* StateUpdate.swift in Sources */,
				FC3FE5E321F7C166009CA663 /* Reducer.swift in Sources */,
				FC3FE5E821F7C166009CA663 /* Action.swift in Sources */,
				FC3FE5E221F7C166009CA663 /* Store.swift in Sources */,
				FC3FE5E621F7C166009CA663 /* StoreSubscriptionToken.swift in Sources */,
			);
			runOnlyForDeploymentPostprocessing = 0;
		};
		FC3FE5B621F7C0D6009CA663 /* Sources */ = {
			isa = PBXSourcesBuildPhase;
			buildActionMask = 2147483647;
			files = (
				FC3FE5C021F7C0D6009CA663 /* SwiduxTests.swift in Sources */,
			);
			runOnlyForDeploymentPostprocessing = 0;
		};
/* End PBXSourcesBuildPhase section */

/* Begin PBXTargetDependency section */
		FC3FE5BD21F7C0D6009CA663 /* PBXTargetDependency */ = {
			isa = PBXTargetDependency;
			target = FC3FE5B021F7C0D6009CA663 /* Swidux */;
			targetProxy = FC3FE5BC21F7C0D6009CA663 /* PBXContainerItemProxy */;
		};
/* End PBXTargetDependency section */

/* Begin XCBuildConfiguration section */
		FC3FE5C321F7C0D6009CA663 /* Debug */ = {
			isa = XCBuildConfiguration;
			buildSettings = {
				ALWAYS_SEARCH_USER_PATHS = NO;
				CLANG_ANALYZER_NONNULL = YES;
				CLANG_ANALYZER_NUMBER_OBJECT_CONVERSION = YES_AGGRESSIVE;
				CLANG_CXX_LANGUAGE_STANDARD = "gnu++14";
				CLANG_CXX_LIBRARY = "libc++";
				CLANG_ENABLE_MODULES = YES;
				CLANG_ENABLE_OBJC_ARC = YES;
				CLANG_ENABLE_OBJC_WEAK = YES;
				CLANG_WARN_BLOCK_CAPTURE_AUTORELEASING = YES;
				CLANG_WARN_BOOL_CONVERSION = YES;
				CLANG_WARN_COMMA = YES;
				CLANG_WARN_CONSTANT_CONVERSION = YES;
				CLANG_WARN_DEPRECATED_OBJC_IMPLEMENTATIONS = YES;
				CLANG_WARN_DIRECT_OBJC_ISA_USAGE = YES_ERROR;
				CLANG_WARN_DOCUMENTATION_COMMENTS = YES;
				CLANG_WARN_EMPTY_BODY = YES;
				CLANG_WARN_ENUM_CONVERSION = YES;
				CLANG_WARN_INFINITE_RECURSION = YES;
				CLANG_WARN_INT_CONVERSION = YES;
				CLANG_WARN_NON_LITERAL_NULL_CONVERSION = YES;
				CLANG_WARN_OBJC_IMPLICIT_RETAIN_SELF = YES;
				CLANG_WARN_OBJC_LITERAL_CONVERSION = YES;
				CLANG_WARN_OBJC_ROOT_CLASS = YES_ERROR;
				CLANG_WARN_RANGE_LOOP_ANALYSIS = YES;
				CLANG_WARN_STRICT_PROTOTYPES = YES;
				CLANG_WARN_SUSPICIOUS_MOVE = YES;
				CLANG_WARN_UNGUARDED_AVAILABILITY = YES_AGGRESSIVE;
				CLANG_WARN_UNREACHABLE_CODE = YES;
				CLANG_WARN__DUPLICATE_METHOD_MATCH = YES;
				CODE_SIGN_IDENTITY = "iPhone Developer";
				COPY_PHASE_STRIP = NO;
				CURRENT_PROJECT_VERSION = 1;
				DEBUG_INFORMATION_FORMAT = dwarf;
				ENABLE_STRICT_OBJC_MSGSEND = YES;
				ENABLE_TESTABILITY = YES;
				GCC_C_LANGUAGE_STANDARD = gnu11;
				GCC_DYNAMIC_NO_PIC = NO;
				GCC_NO_COMMON_BLOCKS = YES;
				GCC_OPTIMIZATION_LEVEL = 0;
				GCC_PREPROCESSOR_DEFINITIONS = (
					"DEBUG=1",
					"$(inherited)",
				);
				GCC_WARN_64_TO_32_BIT_CONVERSION = YES;
				GCC_WARN_ABOUT_RETURN_TYPE = YES_ERROR;
				GCC_WARN_UNDECLARED_SELECTOR = YES;
				GCC_WARN_UNINITIALIZED_AUTOS = YES_AGGRESSIVE;
				GCC_WARN_UNUSED_FUNCTION = YES;
				GCC_WARN_UNUSED_VARIABLE = YES;
				IPHONEOS_DEPLOYMENT_TARGET = 12.1;
				MTL_ENABLE_DEBUG_INFO = INCLUDE_SOURCE;
				MTL_FAST_MATH = YES;
				ONLY_ACTIVE_ARCH = YES;
				SDKROOT = iphoneos;
				SWIFT_ACTIVE_COMPILATION_CONDITIONS = DEBUG;
				SWIFT_OPTIMIZATION_LEVEL = "-Onone";
				VERSIONING_SYSTEM = "apple-generic";
				VERSION_INFO_PREFIX = "";
			};
			name = Debug;
		};
		FC3FE5C421F7C0D6009CA663 /* Release */ = {
			isa = XCBuildConfiguration;
			buildSettings = {
				ALWAYS_SEARCH_USER_PATHS = NO;
				CLANG_ANALYZER_NONNULL = YES;
				CLANG_ANALYZER_NUMBER_OBJECT_CONVERSION = YES_AGGRESSIVE;
				CLANG_CXX_LANGUAGE_STANDARD = "gnu++14";
				CLANG_CXX_LIBRARY = "libc++";
				CLANG_ENABLE_MODULES = YES;
				CLANG_ENABLE_OBJC_ARC = YES;
				CLANG_ENABLE_OBJC_WEAK = YES;
				CLANG_WARN_BLOCK_CAPTURE_AUTORELEASING = YES;
				CLANG_WARN_BOOL_CONVERSION = YES;
				CLANG_WARN_COMMA = YES;
				CLANG_WARN_CONSTANT_CONVERSION = YES;
				CLANG_WARN_DEPRECATED_OBJC_IMPLEMENTATIONS = YES;
				CLANG_WARN_DIRECT_OBJC_ISA_USAGE = YES_ERROR;
				CLANG_WARN_DOCUMENTATION_COMMENTS = YES;
				CLANG_WARN_EMPTY_BODY = YES;
				CLANG_WARN_ENUM_CONVERSION = YES;
				CLANG_WARN_INFINITE_RECURSION = YES;
				CLANG_WARN_INT_CONVERSION = YES;
				CLANG_WARN_NON_LITERAL_NULL_CONVERSION = YES;
				CLANG_WARN_OBJC_IMPLICIT_RETAIN_SELF = YES;
				CLANG_WARN_OBJC_LITERAL_CONVERSION = YES;
				CLANG_WARN_OBJC_ROOT_CLASS = YES_ERROR;
				CLANG_WARN_RANGE_LOOP_ANALYSIS = YES;
				CLANG_WARN_STRICT_PROTOTYPES = YES;
				CLANG_WARN_SUSPICIOUS_MOVE = YES;
				CLANG_WARN_UNGUARDED_AVAILABILITY = YES_AGGRESSIVE;
				CLANG_WARN_UNREACHABLE_CODE = YES;
				CLANG_WARN__DUPLICATE_METHOD_MATCH = YES;
				CODE_SIGN_IDENTITY = "iPhone Developer";
				COPY_PHASE_STRIP = NO;
				CURRENT_PROJECT_VERSION = 1;
				DEBUG_INFORMATION_FORMAT = "dwarf-with-dsym";
				ENABLE_NS_ASSERTIONS = NO;
				ENABLE_STRICT_OBJC_MSGSEND = YES;
				GCC_C_LANGUAGE_STANDARD = gnu11;
				GCC_NO_COMMON_BLOCKS = YES;
				GCC_WARN_64_TO_32_BIT_CONVERSION = YES;
				GCC_WARN_ABOUT_RETURN_TYPE = YES_ERROR;
				GCC_WARN_UNDECLARED_SELECTOR = YES;
				GCC_WARN_UNINITIALIZED_AUTOS = YES_AGGRESSIVE;
				GCC_WARN_UNUSED_FUNCTION = YES;
				GCC_WARN_UNUSED_VARIABLE = YES;
				IPHONEOS_DEPLOYMENT_TARGET = 12.1;
				MTL_ENABLE_DEBUG_INFO = NO;
				MTL_FAST_MATH = YES;
				SDKROOT = iphoneos;
				SWIFT_COMPILATION_MODE = wholemodule;
				SWIFT_OPTIMIZATION_LEVEL = "-O";
				VALIDATE_PRODUCT = YES;
				VERSIONING_SYSTEM = "apple-generic";
				VERSION_INFO_PREFIX = "";
			};
			name = Release;
		};
		FC3FE5C621F7C0D6009CA663 /* Debug */ = {
			isa = XCBuildConfiguration;
			buildSettings = {
				CLANG_ENABLE_MODULES = YES;
				CODE_SIGN_IDENTITY = "";
				CODE_SIGN_STYLE = Automatic;
				DEFINES_MODULE = YES;
				DEVELOPMENT_TEAM = W624386YMM;
				DYLIB_COMPATIBILITY_VERSION = 1;
				DYLIB_CURRENT_VERSION = 1;
				DYLIB_INSTALL_NAME_BASE = "@rpath";
				INFOPLIST_FILE = Sources/Info.plist;
				INSTALL_PATH = "$(LOCAL_LIBRARY_DIR)/Frameworks";
				LD_RUNPATH_SEARCH_PATHS = (
					"$(inherited)",
					"@executable_path/Frameworks",
					"@loader_path/Frameworks",
				);
				PRODUCT_BUNDLE_IDENTIFIER = io.clmntcrl.Swidux;
				PRODUCT_NAME = "$(TARGET_NAME:c99extidentifier)";
				SKIP_INSTALL = YES;
				SWIFT_OPTIMIZATION_LEVEL = "-Onone";
				SWIFT_VERSION = 4.2;
				TARGETED_DEVICE_FAMILY = "1,2";
			};
			name = Debug;
		};
		FC3FE5C721F7C0D6009CA663 /* Release */ = {
			isa = XCBuildConfiguration;
			buildSettings = {
				CLANG_ENABLE_MODULES = YES;
				CODE_SIGN_IDENTITY = "";
				CODE_SIGN_STYLE = Automatic;
				DEFINES_MODULE = YES;
				DEVELOPMENT_TEAM = W624386YMM;
				DYLIB_COMPATIBILITY_VERSION = 1;
				DYLIB_CURRENT_VERSION = 1;
				DYLIB_INSTALL_NAME_BASE = "@rpath";
				INFOPLIST_FILE = Sources/Info.plist;
				INSTALL_PATH = "$(LOCAL_LIBRARY_DIR)/Frameworks";
				LD_RUNPATH_SEARCH_PATHS = (
					"$(inherited)",
					"@executable_path/Frameworks",
					"@loader_path/Frameworks",
				);
				PRODUCT_BUNDLE_IDENTIFIER = io.clmntcrl.Swidux;
				PRODUCT_NAME = "$(TARGET_NAME:c99extidentifier)";
				SKIP_INSTALL = YES;
				SWIFT_VERSION = 4.2;
				TARGETED_DEVICE_FAMILY = "1,2";
			};
			name = Release;
		};
		FC3FE5C921F7C0D6009CA663 /* Debug */ = {
			isa = XCBuildConfiguration;
			buildSettings = {
				ALWAYS_EMBED_SWIFT_STANDARD_LIBRARIES = YES;
				CODE_SIGN_STYLE = Automatic;
				DEVELOPMENT_TEAM = W624386YMM;
				INFOPLIST_FILE = Tests/Info.plist;
				LD_RUNPATH_SEARCH_PATHS = (
					"$(inherited)",
					"@executable_path/Frameworks",
					"@loader_path/Frameworks",
				);
				PRODUCT_BUNDLE_IDENTIFIER = io.clmntcrl.SwiduxTests;
				PRODUCT_NAME = "$(TARGET_NAME)";
				SWIFT_VERSION = 4.2;
				TARGETED_DEVICE_FAMILY = "1,2";
			};
			name = Debug;
		};
		FC3FE5CA21F7C0D6009CA663 /* Release */ = {
			isa = XCBuildConfiguration;
			buildSettings = {
				ALWAYS_EMBED_SWIFT_STANDARD_LIBRARIES = YES;
				CODE_SIGN_STYLE = Automatic;
				DEVELOPMENT_TEAM = W624386YMM;
				INFOPLIST_FILE = Tests/Info.plist;
				LD_RUNPATH_SEARCH_PATHS = (
					"$(inherited)",
					"@executable_path/Frameworks",
					"@loader_path/Frameworks",
				);
				PRODUCT_BUNDLE_IDENTIFIER = io.clmntcrl.SwiduxTests;
				PRODUCT_NAME = "$(TARGET_NAME)";
				SWIFT_VERSION = 4.2;
				TARGETED_DEVICE_FAMILY = "1,2";
			};
			name = Release;
		};
/* End XCBuildConfiguration section */

/* Begin XCConfigurationList section */
		FC3FE5AB21F7C0D6009CA663 /* Build configuration list for PBXProject "Swidux" */ = {
			isa = XCConfigurationList;
			buildConfigurations = (
				FC3FE5C321F7C0D6009CA663 /* Debug */,
				FC3FE5C421F7C0D6009CA663 /* Release */,
			);
			defaultConfigurationIsVisible = 0;
			defaultConfigurationName = Release;
		};
		FC3FE5C521F7C0D6009CA663 /* Build configuration list for PBXNativeTarget "Swidux" */ = {
			isa = XCConfigurationList;
			buildConfigurations = (
				FC3FE5C621F7C0D6009CA663 /* Debug */,
				FC3FE5C721F7C0D6009CA663 /* Release */,
			);
			defaultConfigurationIsVisible = 0;
			defaultConfigurationName = Release;
		};
		FC3FE5C821F7C0D6009CA663 /* Build configuration list for PBXNativeTarget "SwiduxTests" */ = {
			isa = XCConfigurationList;
			buildConfigurations = (
				FC3FE5C921F7C0D6009CA663 /* Debug */,
				FC3FE5CA21F7C0D6009CA663 /* Release */,
			);
			defaultConfigurationIsVisible = 0;
			defaultConfigurationName = Release;
		};
/* End XCConfigurationList section */
	};
	rootObject = FC3FE5A821F7C0D6009CA663 /* Project object */;
}
